
Microsoft Visual Studio Solution File, Format Version 9.00
# Visual Studio 2005
Project("{FAE04EC0-301F-11D3-BF4B-00C04F79EFBC}") = "YoShinService", "YoShinService.csproj", "{DA7FBD7D-B1EA-4345-A6B8-B0B466200850}"
EndProject
Project("{FAE04EC0-301F-11D3-BF4B-00C04F79EFBC}") = "Common", "Common\Common.csproj", "{A66F4FA8-973D-4C20-8375-C90B533933F8}"
EndProject
Project("{54435603-DBB4-11D2-8724-00A0C9A8B90C}") = "YoShinServiceSetup", "..\YoShinServiceSetup\YoShinServiceSetup.vdproj", "{38A51C2A-DD9B-49B8-B621-347C51870549}"
EndProject
Global
	GlobalSection(SolutionConfigurationPlatforms) = preSolution
		Debug|Any CPU = Debug|Any CPU
		Release|Any CPU = Release|Any CPU
	EndGlobalSection
	GlobalSection(ProjectConfigurationPlatforms) = postSolution
		{DA7FBD7D-B1EA-4345-A6B8-B0B466200850}.Debug|Any CPU.ActiveCfg = Debug|Any CPU
		{DA7FBD7D-B1EA-4345-A6B8-B0B466200850}.Debug|Any CPU.Build.0 = Debug|Any CPU
		{DA7FBD7D-B1EA-4345-A6B8-B0B466200850}.Release|Any CPU.ActiveCfg = Release|Any CPU
		{DA7FBD7D-B1EA-4345-A6B8-B0B466200850}.Release|Any CPU.Build.0 = Release|Any CPU
		{A66F4FA8-973D-4C20-8375-C90B533933F8}.Debug|Any CPU.ActiveCfg = Debug|Any CPU
		{A66F4FA8-973D-4C20-8375-C90B533933F8}.Debug|Any CPU.Build.0 = Debug|Any CPU
		{A66F4FA8-973D-4C20-8375-C90B533933F8}.Release|Any CPU.ActiveCfg = Release|Any CPU
		{A66F4FA8-973D-4C20-8375-C90B533933F8}.Release|Any CPU.Build.0 = Release|Any CPU
		{38A51C2A-DD9B-49B8-B621-347C51870549}.Debug|Any CPU.ActiveCfg = Debug
		{38A51C2A-DD9B-49B8-B621-347C51870549}.Release|Any CPU.ActiveCfg = Release
	EndGlobalSection
	GlobalSection(SolutionProperties) = preSolution
		HideSolutionNode = FALSE
	EndGlobalSection
EndGlobal
